
Microsoft Visual Studio Solution File, Format Version 12.00
# Visual Studio 14
VisualStudioVersion = 14.0.25420.1
MinimumVisualStudioVersion = 10.0.40219.1
Project("{2150E333-8FDC-42A3-9474-1A3956D46DE8}") = ".nuget", ".nuget", "{A079F4E6-D4D4-42FD-A7A5-A9DFB6DDB61B}"
	ProjectSection(SolutionItems) = preProject
		.nuget\NuGet.Config = .nuget\NuGet.Config
		.nuget\NuGet.exe = .nuget\NuGet.exe
		.nuget\NuGet.targets = .nuget\NuGet.targets
	EndProjectSection
EndProject
Project("{FAE04EC0-301F-11D3-BF4B-00C04F79EFBC}") = "antdsh", "antdsh\antdsh.csproj", "{7CF66D02-57A3-4E6F-9994-160809C8A2E8}"
EndProject
Project("{2150E333-8FDC-42A3-9474-1A3956D46DE8}") = "ignorethis_misc", "ignorethis_misc", "{1BB31C59-D4CC-4640-BE45-B7857FBA22A1}"
	ProjectSection(SolutionItems) = preProject
		ignorethis_misc\converter.sh = ignorethis_misc\converter.sh
		ignorethis_misc\createUserSmartCardCertificate.sh = ignorethis_misc\createUserSmartCardCertificate.sh
		dump.txt = dump.txt
		gluster.cnf = gluster.cnf
		ignorethis_misc\samba-dc.cnf = ignorethis_misc\samba-dc.cnf
		ignorethis_misc\samba-user.cnf = ignorethis_misc\samba-user.cnf
		ignorethis_misc\script_domainController_ca.sh = ignorethis_misc\script_domainController_ca.sh
		ignorethis_misc\setCaStructure.sh = ignorethis_misc\setCaStructure.sh
		ignorethis_misc\TODO.txt = ignorethis_misc\TODO.txt
	EndProjectSection
EndProject
Project("{FAE04EC0-301F-11D3-BF4B-00C04F79EFBC}") = "Antd", "Antd\Antd.csproj", "{77B5CE8B-999C-410D-B92A-3EC8C2042221}"
EndProject
Project("{FAE04EC0-301F-11D3-BF4B-00C04F79EFBC}") = "antdlib.views", "antdlib.views\antdlib.views.csproj", "{CF4E96EB-6CDF-48E4-87A4-0335F856A5FC}"
EndProject
Project("{FAE04EC0-301F-11D3-BF4B-00C04F79EFBC}") = "antdlib.common", "antdlib.common\antdlib.common.csproj", "{8D27B042-C49C-40F3-85C1-5959B25E39FE}"
EndProject
Project("{FAE04EC0-301F-11D3-BF4B-00C04F79EFBC}") = "antd.commands", "antd.commands\antd.commands.csproj", "{3E77920A-6201-48D8-A9CE-8D01A477E0F9}"
EndProject
Project("{FAE04EC0-301F-11D3-BF4B-00C04F79EFBC}") = "AntdUi", "AntdUi\AntdUi.csproj", "{75E4104E-7A15-474D-9067-6D23EFB6ABDE}"
EndProject
Global
	GlobalSection(SolutionConfigurationPlatforms) = preSolution
		Debug|Any CPU = Debug|Any CPU
		Library|Any CPU = Library|Any CPU
		Release|Any CPU = Release|Any CPU
	EndGlobalSection
	GlobalSection(ProjectConfigurationPlatforms) = postSolution
		{7CF66D02-57A3-4E6F-9994-160809C8A2E8}.Debug|Any CPU.ActiveCfg = Debug|Any CPU
		{7CF66D02-57A3-4E6F-9994-160809C8A2E8}.Debug|Any CPU.Build.0 = Debug|Any CPU
		{7CF66D02-57A3-4E6F-9994-160809C8A2E8}.Library|Any CPU.ActiveCfg = Release|Any CPU
		{7CF66D02-57A3-4E6F-9994-160809C8A2E8}.Library|Any CPU.Build.0 = Release|Any CPU
		{7CF66D02-57A3-4E6F-9994-160809C8A2E8}.Release|Any CPU.ActiveCfg = Release|Any CPU
		{7CF66D02-57A3-4E6F-9994-160809C8A2E8}.Release|Any CPU.Build.0 = Release|Any CPU
		{77B5CE8B-999C-410D-B92A-3EC8C2042221}.Debug|Any CPU.ActiveCfg = Debug|Any CPU
		{77B5CE8B-999C-410D-B92A-3EC8C2042221}.Debug|Any CPU.Build.0 = Debug|Any CPU
		{77B5CE8B-999C-410D-B92A-3EC8C2042221}.Library|Any CPU.ActiveCfg = Release|Any CPU
		{77B5CE8B-999C-410D-B92A-3EC8C2042221}.Library|Any CPU.Build.0 = Release|Any CPU
		{77B5CE8B-999C-410D-B92A-3EC8C2042221}.Release|Any CPU.ActiveCfg = Release|Any CPU
		{77B5CE8B-999C-410D-B92A-3EC8C2042221}.Release|Any CPU.Build.0 = Release|Any CPU
		{CF4E96EB-6CDF-48E4-87A4-0335F856A5FC}.Debug|Any CPU.ActiveCfg = Debug|Any CPU
		{CF4E96EB-6CDF-48E4-87A4-0335F856A5FC}.Debug|Any CPU.Build.0 = Debug|Any CPU
		{CF4E96EB-6CDF-48E4-87A4-0335F856A5FC}.Library|Any CPU.ActiveCfg = Release|Any CPU
		{CF4E96EB-6CDF-48E4-87A4-0335F856A5FC}.Library|Any CPU.Build.0 = Release|Any CPU
		{CF4E96EB-6CDF-48E4-87A4-0335F856A5FC}.Release|Any CPU.ActiveCfg = Release|Any CPU
		{CF4E96EB-6CDF-48E4-87A4-0335F856A5FC}.Release|Any CPU.Build.0 = Release|Any CPU
		{8D27B042-C49C-40F3-85C1-5959B25E39FE}.Debug|Any CPU.ActiveCfg = Debug|Any CPU
		{8D27B042-C49C-40F3-85C1-5959B25E39FE}.Debug|Any CPU.Build.0 = Debug|Any CPU
		{8D27B042-C49C-40F3-85C1-5959B25E39FE}.Library|Any CPU.ActiveCfg = Release|Any CPU
		{8D27B042-C49C-40F3-85C1-5959B25E39FE}.Library|Any CPU.Build.0 = Release|Any CPU
		{8D27B042-C49C-40F3-85C1-5959B25E39FE}.Release|Any CPU.ActiveCfg = Release|Any CPU
		{8D27B042-C49C-40F3-85C1-5959B25E39FE}.Release|Any CPU.Build.0 = Release|Any CPU
		{3E77920A-6201-48D8-A9CE-8D01A477E0F9}.Debug|Any CPU.ActiveCfg = Debug|Any CPU
		{3E77920A-6201-48D8-A9CE-8D01A477E0F9}.Debug|Any CPU.Build.0 = Debug|Any CPU
		{3E77920A-6201-48D8-A9CE-8D01A477E0F9}.Library|Any CPU.ActiveCfg = Release|Any CPU
		{3E77920A-6201-48D8-A9CE-8D01A477E0F9}.Library|Any CPU.Build.0 = Release|Any CPU
		{3E77920A-6201-48D8-A9CE-8D01A477E0F9}.Release|Any CPU.ActiveCfg = Release|Any CPU
		{3E77920A-6201-48D8-A9CE-8D01A477E0F9}.Release|Any CPU.Build.0 = Release|Any CPU
		{75E4104E-7A15-474D-9067-6D23EFB6ABDE}.Debug|Any CPU.ActiveCfg = Debug|Any CPU
		{75E4104E-7A15-474D-9067-6D23EFB6ABDE}.Debug|Any CPU.Build.0 = Debug|Any CPU
		{75E4104E-7A15-474D-9067-6D23EFB6ABDE}.Library|Any CPU.ActiveCfg = Library|Any CPU
		{75E4104E-7A15-474D-9067-6D23EFB6ABDE}.Library|Any CPU.Build.0 = Library|Any CPU
		{75E4104E-7A15-474D-9067-6D23EFB6ABDE}.Release|Any CPU.ActiveCfg = Release|Any CPU
		{75E4104E-7A15-474D-9067-6D23EFB6ABDE}.Release|Any CPU.Build.0 = Release|Any CPU
	EndGlobalSection
	GlobalSection(SolutionProperties) = preSolution
		HideSolutionNode = FALSE
	EndGlobalSection
EndGlobal
