
Microsoft Visual Studio Solution File, Format Version 12.00
# Visual Studio Version 16
VisualStudioVersion = 16.0.29418.71
MinimumVisualStudioVersion = 10.0.40219.1
Project("{2150E333-8FDC-42A3-9474-1A3956D46DE8}") = ".nuget", ".nuget", "{A079F4E6-D4D4-42FD-A7A5-A9DFB6DDB61B}"
	ProjectSection(SolutionItems) = preProject
		.nuget\NuGet.Config = .nuget\NuGet.Config
		.nuget\NuGet.exe = .nuget\NuGet.exe
		.nuget\NuGet.targets = .nuget\NuGet.targets
	EndProjectSection
EndProject
Project("{FAE04EC0-301F-11D3-BF4B-00C04F79EFBC}") = "04_antdsh", "antdsh\04_antdsh.csproj", "{7CF66D02-57A3-4E6F-9994-160809C8A2E8}"
EndProject
Project("{2150E333-8FDC-42A3-9474-1A3956D46DE8}") = "ignorethis_misc", "ignorethis_misc", "{1BB31C59-D4CC-4640-BE45-B7857FBA22A1}"
	ProjectSection(SolutionItems) = preProject
		ignorethis_misc\.000_define_user_acl.sh = ignorethis_misc\.000_define_user_acl.sh
		ignorethis_misc\.010_Home_SKEL.acl = ignorethis_misc\.010_Home_SKEL.acl
		ignorethis_misc\.011_Shared_SKEL.acl = ignorethis_misc\.011_Shared_SKEL.acl
		ignorethis_misc\_frequentregex.txt = ignorethis_misc\_frequentregex.txt
		ignorethis_misc\antd_procedures.xsd = ignorethis_misc\antd_procedures.xsd
		ignorethis_misc\antd_vars.txt = ignorethis_misc\antd_vars.txt
		ignorethis_misc\blackhole.zones.tmpl = ignorethis_misc\blackhole.zones.tmpl
		ignorethis_misc\boot_procedure-2.dgml = ignorethis_misc\boot_procedure-2.dgml
		ignorethis_misc\boot_procedure.dgml = ignorethis_misc\boot_procedure.dgml
		ignorethis_misc\converter.sh = ignorethis_misc\converter.sh
		ignorethis_misc\createUserSmartCardCertificate.sh = ignorethis_misc\createUserSmartCardCertificate.sh
		ignorethis_misc\dhcpd.conf.tmlp = ignorethis_misc\dhcpd.conf.tmlp
		ignorethis_misc\FILE_etc_collectd.conf = ignorethis_misc\FILE_etc_collectd.conf
		ignorethis_misc\FILE_etc_systemd_journald.conf = ignorethis_misc\FILE_etc_systemd_journald.conf
		ignorethis_misc\FILE_etc_wpa_supplicant_wpa__suplicant.conf = ignorethis_misc\FILE_etc_wpa_supplicant_wpa__suplicant.conf
		ignorethis_misc\gluster.cnf = ignorethis_misc\gluster.cnf
		ignorethis_misc\named.conf = ignorethis_misc\named.conf
		ignorethis_misc\nftables.conf.tmpl = ignorethis_misc\nftables.conf.tmpl
		ignorethis_misc\nsswitch.conf.tmlp = ignorethis_misc\nsswitch.conf.tmlp
		ignorethis_misc\ntp.conf.tmlp = ignorethis_misc\ntp.conf.tmlp
		ignorethis_misc\regex.txt = ignorethis_misc\regex.txt
		ignorethis_misc\rndc.conf.tmpl = ignorethis_misc\rndc.conf.tmpl
		ignorethis_misc\samba-dc.cnf = ignorethis_misc\samba-dc.cnf
		ignorethis_misc\samba-user.cnf = ignorethis_misc\samba-user.cnf
		ignorethis_misc\script_domainController_ca.sh = ignorethis_misc\script_domainController_ca.sh
		ignorethis_misc\setCaStructure.sh = ignorethis_misc\setCaStructure.sh
		ignorethis_misc\smb.conf.bck = ignorethis_misc\smb.conf.bck
		ignorethis_misc\todo-ui.txt = ignorethis_misc\todo-ui.txt
		ignorethis_misc\TODO.txt = ignorethis_misc\TODO.txt
		ignorethis_misc\zones_blockeddomain.hosts.tmpl = ignorethis_misc\zones_blockeddomain.hosts.tmpl
		ignorethis_misc\zones_empty.db.tmpl = ignorethis_misc\zones_empty.db.tmpl
		ignorethis_misc\zones_host.domint.local.db.tmpl = ignorethis_misc\zones_host.domint.local.db.tmpl
		ignorethis_misc\zones_localhost-forward.db.tmpl = ignorethis_misc\zones_localhost-forward.db.tmpl
		ignorethis_misc\zones_localhost-reverse.db.tmpl = ignorethis_misc\zones_localhost-reverse.db.tmpl
		ignorethis_misc\zones_rev.10.11.0.0.db.tmpl = ignorethis_misc\zones_rev.10.11.0.0.db.tmpl
	EndProjectSection
EndProject
Project("{FAE04EC0-301F-11D3-BF4B-00C04F79EFBC}") = "03_antdlib.common", "antdlib.common\03_antdlib.common.csproj", "{8D27B042-C49C-40F3-85C1-5959B25E39FE}"
EndProject
Project("{FAE04EC0-301F-11D3-BF4B-00C04F79EFBC}") = "anthilla.crypto", "..\_shared\anthilla.crypto\anthilla.crypto.csproj", "{87063138-EEB6-46EC-AA88-21E2A4BAC550}"
EndProject
Project("{FAE04EC0-301F-11D3-BF4B-00C04F79EFBC}") = "anthilla.core", "..\_shared\anthilla.core\anthilla.core.csproj", "{FAF895F3-2EA3-44CC-ABE8-D54DC2AE0927}"
EndProject
Project("{FAE04EC0-301F-11D3-BF4B-00C04F79EFBC}") = "anthilla.scheduler", "..\_shared\anthilla.scheduler\anthilla.scheduler.csproj", "{906B8907-F2EA-4BAA-BF11-9F80C6E8BBBD}"
EndProject
Project("{FAE04EC0-301F-11D3-BF4B-00C04F79EFBC}") = "01_Antd", "Antd\01_Antd.csproj", "{79290F00-57E4-43B6-A614-7B2796B17D15}"
EndProject
Project("{FAE04EC0-301F-11D3-BF4B-00C04F79EFBC}") = "05_antd-tools", "antd-tools\05_antd-tools.csproj", "{B4B2A51B-817F-4452-8EA1-152C5F9F457D}"
EndProject
Project("{FAE04EC0-301F-11D3-BF4B-00C04F79EFBC}") = "02_AntdUi2", "AntdUi2\02_AntdUi2.csproj", "{2F06D4D1-F203-4F83-B653-0A1CA6F3DCED}"
EndProject
Project("{FAE04EC0-301F-11D3-BF4B-00C04F79EFBC}") = "anthilla.fs", "..\_shared\anthilla.fs\anthilla.fs.csproj", "{95AF459F-95CD-41A8-8226-8FCCEAE10E5F}"
EndProject
Project("{FAE04EC0-301F-11D3-BF4B-00C04F79EFBC}") = "anthilla.ws", "..\_shared\anthilla.ws\anthilla.ws.csproj", "{B357BAC7-529E-4D81-A0D2-71041B19C8DE}"
EndProject
Project("{9A19103F-16F7-4668-BE54-9A1E7A4F7556}") = "01_Antd2", "Antd2\01_Antd2.csproj", "{ACB5F686-E0C6-461A-9C56-9ABD4A489FCB}"
EndProject
Project("{9A19103F-16F7-4668-BE54-9A1E7A4F7556}") = "SharpInit", "SharpInit\SharpInit.csproj", "{3D19B99C-EBCB-4B4A-85FF-8F9FE5DD9133}"
EndProject
Project("{9A19103F-16F7-4668-BE54-9A1E7A4F7556}") = "SharpInit.Ipc", "SharpInit.Ipc\SharpInit.Ipc.csproj", "{E9FB40EA-9F4D-4A4B-87C1-48013EB73C35}"
EndProject
Project("{9A19103F-16F7-4668-BE54-9A1E7A4F7556}") = "SharpInitControl", "SharpInitControl\SharpInitControl.csproj", "{C3110EBA-028E-411A-8639-A3ABF2B044B3}"
EndProject
Global
	GlobalSection(SolutionConfigurationPlatforms) = preSolution
		Debug_Ubuntu|Any CPU = Debug_Ubuntu|Any CPU
		Debug_Ubuntu|x64 = Debug_Ubuntu|x64
		Debug_Ubuntu|x86 = Debug_Ubuntu|x86
		Debug|Any CPU = Debug|Any CPU
		Debug|x64 = Debug|x64
		Debug|x86 = Debug|x86
		Library|Any CPU = Library|Any CPU
		Library|x64 = Library|x64
		Library|x86 = Library|x86
		Release_Ubuntu|Any CPU = Release_Ubuntu|Any CPU
		Release_Ubuntu|x64 = Release_Ubuntu|x64
		Release_Ubuntu|x86 = Release_Ubuntu|x86
		Release|Any CPU = Release|Any CPU
		Release|x64 = Release|x64
		Release|x86 = Release|x86
	EndGlobalSection
	GlobalSection(ProjectConfigurationPlatforms) = postSolution
		{7CF66D02-57A3-4E6F-9994-160809C8A2E8}.Debug_Ubuntu|Any CPU.ActiveCfg = Debug|Any CPU
		{7CF66D02-57A3-4E6F-9994-160809C8A2E8}.Debug_Ubuntu|Any CPU.Build.0 = Debug|Any CPU
		{7CF66D02-57A3-4E6F-9994-160809C8A2E8}.Debug_Ubuntu|x64.ActiveCfg = Debug|x64
		{7CF66D02-57A3-4E6F-9994-160809C8A2E8}.Debug_Ubuntu|x64.Build.0 = Debug|x64
		{7CF66D02-57A3-4E6F-9994-160809C8A2E8}.Debug_Ubuntu|x86.ActiveCfg = Debug|Any CPU
		{7CF66D02-57A3-4E6F-9994-160809C8A2E8}.Debug_Ubuntu|x86.Build.0 = Debug|Any CPU
		{7CF66D02-57A3-4E6F-9994-160809C8A2E8}.Debug|Any CPU.ActiveCfg = Debug|Any CPU
		{7CF66D02-57A3-4E6F-9994-160809C8A2E8}.Debug|Any CPU.Build.0 = Debug|Any CPU
		{7CF66D02-57A3-4E6F-9994-160809C8A2E8}.Debug|x64.ActiveCfg = Debug|x64
		{7CF66D02-57A3-4E6F-9994-160809C8A2E8}.Debug|x64.Build.0 = Debug|x64
		{7CF66D02-57A3-4E6F-9994-160809C8A2E8}.Debug|x86.ActiveCfg = Debug|Any CPU
		{7CF66D02-57A3-4E6F-9994-160809C8A2E8}.Debug|x86.Build.0 = Debug|Any CPU
		{7CF66D02-57A3-4E6F-9994-160809C8A2E8}.Library|Any CPU.ActiveCfg = Release|Any CPU
		{7CF66D02-57A3-4E6F-9994-160809C8A2E8}.Library|Any CPU.Build.0 = Release|Any CPU
		{7CF66D02-57A3-4E6F-9994-160809C8A2E8}.Library|x64.ActiveCfg = Release|x64
		{7CF66D02-57A3-4E6F-9994-160809C8A2E8}.Library|x64.Build.0 = Release|x64
		{7CF66D02-57A3-4E6F-9994-160809C8A2E8}.Library|x86.ActiveCfg = Release|Any CPU
		{7CF66D02-57A3-4E6F-9994-160809C8A2E8}.Library|x86.Build.0 = Release|Any CPU
		{7CF66D02-57A3-4E6F-9994-160809C8A2E8}.Release_Ubuntu|Any CPU.ActiveCfg = Release|Any CPU
		{7CF66D02-57A3-4E6F-9994-160809C8A2E8}.Release_Ubuntu|Any CPU.Build.0 = Release|Any CPU
		{7CF66D02-57A3-4E6F-9994-160809C8A2E8}.Release_Ubuntu|x64.ActiveCfg = Release|x64
		{7CF66D02-57A3-4E6F-9994-160809C8A2E8}.Release_Ubuntu|x64.Build.0 = Release|x64
		{7CF66D02-57A3-4E6F-9994-160809C8A2E8}.Release_Ubuntu|x86.ActiveCfg = Release|Any CPU
		{7CF66D02-57A3-4E6F-9994-160809C8A2E8}.Release_Ubuntu|x86.Build.0 = Release|Any CPU
		{7CF66D02-57A3-4E6F-9994-160809C8A2E8}.Release|Any CPU.ActiveCfg = Release|Any CPU
		{7CF66D02-57A3-4E6F-9994-160809C8A2E8}.Release|Any CPU.Build.0 = Release|Any CPU
		{7CF66D02-57A3-4E6F-9994-160809C8A2E8}.Release|x64.ActiveCfg = Release|x64
		{7CF66D02-57A3-4E6F-9994-160809C8A2E8}.Release|x64.Build.0 = Release|x64
		{7CF66D02-57A3-4E6F-9994-160809C8A2E8}.Release|x86.ActiveCfg = Release|Any CPU
		{7CF66D02-57A3-4E6F-9994-160809C8A2E8}.Release|x86.Build.0 = Release|Any CPU
		{8D27B042-C49C-40F3-85C1-5959B25E39FE}.Debug_Ubuntu|Any CPU.ActiveCfg = Debug|Any CPU
		{8D27B042-C49C-40F3-85C1-5959B25E39FE}.Debug_Ubuntu|Any CPU.Build.0 = Debug|Any CPU
		{8D27B042-C49C-40F3-85C1-5959B25E39FE}.Debug_Ubuntu|x64.ActiveCfg = Debug|x64
		{8D27B042-C49C-40F3-85C1-5959B25E39FE}.Debug_Ubuntu|x64.Build.0 = Debug|x64
		{8D27B042-C49C-40F3-85C1-5959B25E39FE}.Debug_Ubuntu|x86.ActiveCfg = Debug|Any CPU
		{8D27B042-C49C-40F3-85C1-5959B25E39FE}.Debug_Ubuntu|x86.Build.0 = Debug|Any CPU
		{8D27B042-C49C-40F3-85C1-5959B25E39FE}.Debug|Any CPU.ActiveCfg = Debug|Any CPU
		{8D27B042-C49C-40F3-85C1-5959B25E39FE}.Debug|Any CPU.Build.0 = Debug|Any CPU
		{8D27B042-C49C-40F3-85C1-5959B25E39FE}.Debug|x64.ActiveCfg = Debug|x64
		{8D27B042-C49C-40F3-85C1-5959B25E39FE}.Debug|x64.Build.0 = Debug|x64
		{8D27B042-C49C-40F3-85C1-5959B25E39FE}.Debug|x86.ActiveCfg = Debug|Any CPU
		{8D27B042-C49C-40F3-85C1-5959B25E39FE}.Debug|x86.Build.0 = Debug|Any CPU
		{8D27B042-C49C-40F3-85C1-5959B25E39FE}.Library|Any CPU.ActiveCfg = Release|Any CPU
		{8D27B042-C49C-40F3-85C1-5959B25E39FE}.Library|Any CPU.Build.0 = Release|Any CPU
		{8D27B042-C49C-40F3-85C1-5959B25E39FE}.Library|x64.ActiveCfg = Release|x64
		{8D27B042-C49C-40F3-85C1-5959B25E39FE}.Library|x64.Build.0 = Release|x64
		{8D27B042-C49C-40F3-85C1-5959B25E39FE}.Library|x86.ActiveCfg = Release|Any CPU
		{8D27B042-C49C-40F3-85C1-5959B25E39FE}.Library|x86.Build.0 = Release|Any CPU
		{8D27B042-C49C-40F3-85C1-5959B25E39FE}.Release_Ubuntu|Any CPU.ActiveCfg = Release|Any CPU
		{8D27B042-C49C-40F3-85C1-5959B25E39FE}.Release_Ubuntu|Any CPU.Build.0 = Release|Any CPU
		{8D27B042-C49C-40F3-85C1-5959B25E39FE}.Release_Ubuntu|x64.ActiveCfg = Release|x64
		{8D27B042-C49C-40F3-85C1-5959B25E39FE}.Release_Ubuntu|x64.Build.0 = Release|x64
		{8D27B042-C49C-40F3-85C1-5959B25E39FE}.Release_Ubuntu|x86.ActiveCfg = Release|Any CPU
		{8D27B042-C49C-40F3-85C1-5959B25E39FE}.Release_Ubuntu|x86.Build.0 = Release|Any CPU
		{8D27B042-C49C-40F3-85C1-5959B25E39FE}.Release|Any CPU.ActiveCfg = Release|Any CPU
		{8D27B042-C49C-40F3-85C1-5959B25E39FE}.Release|Any CPU.Build.0 = Release|Any CPU
		{8D27B042-C49C-40F3-85C1-5959B25E39FE}.Release|x64.ActiveCfg = Release|x64
		{8D27B042-C49C-40F3-85C1-5959B25E39FE}.Release|x64.Build.0 = Release|x64
		{8D27B042-C49C-40F3-85C1-5959B25E39FE}.Release|x86.ActiveCfg = Release|Any CPU
		{8D27B042-C49C-40F3-85C1-5959B25E39FE}.Release|x86.Build.0 = Release|Any CPU
		{87063138-EEB6-46EC-AA88-21E2A4BAC550}.Debug_Ubuntu|Any CPU.ActiveCfg = Debug|Any CPU
		{87063138-EEB6-46EC-AA88-21E2A4BAC550}.Debug_Ubuntu|Any CPU.Build.0 = Debug|Any CPU
		{87063138-EEB6-46EC-AA88-21E2A4BAC550}.Debug_Ubuntu|x64.ActiveCfg = Debug|x64
		{87063138-EEB6-46EC-AA88-21E2A4BAC550}.Debug_Ubuntu|x64.Build.0 = Debug|x64
		{87063138-EEB6-46EC-AA88-21E2A4BAC550}.Debug_Ubuntu|x86.ActiveCfg = Debug|Any CPU
		{87063138-EEB6-46EC-AA88-21E2A4BAC550}.Debug_Ubuntu|x86.Build.0 = Debug|Any CPU
		{87063138-EEB6-46EC-AA88-21E2A4BAC550}.Debug|Any CPU.ActiveCfg = Debug|Any CPU
		{87063138-EEB6-46EC-AA88-21E2A4BAC550}.Debug|Any CPU.Build.0 = Debug|Any CPU
		{87063138-EEB6-46EC-AA88-21E2A4BAC550}.Debug|x64.ActiveCfg = Debug|x64
		{87063138-EEB6-46EC-AA88-21E2A4BAC550}.Debug|x64.Build.0 = Debug|x64
		{87063138-EEB6-46EC-AA88-21E2A4BAC550}.Debug|x86.ActiveCfg = Debug|Any CPU
		{87063138-EEB6-46EC-AA88-21E2A4BAC550}.Debug|x86.Build.0 = Debug|Any CPU
		{87063138-EEB6-46EC-AA88-21E2A4BAC550}.Library|Any CPU.ActiveCfg = Release|Any CPU
		{87063138-EEB6-46EC-AA88-21E2A4BAC550}.Library|Any CPU.Build.0 = Release|Any CPU
		{87063138-EEB6-46EC-AA88-21E2A4BAC550}.Library|x64.ActiveCfg = Release|x64
		{87063138-EEB6-46EC-AA88-21E2A4BAC550}.Library|x64.Build.0 = Release|x64
		{87063138-EEB6-46EC-AA88-21E2A4BAC550}.Library|x86.ActiveCfg = Release|Any CPU
		{87063138-EEB6-46EC-AA88-21E2A4BAC550}.Library|x86.Build.0 = Release|Any CPU
		{87063138-EEB6-46EC-AA88-21E2A4BAC550}.Release_Ubuntu|Any CPU.ActiveCfg = Release|Any CPU
		{87063138-EEB6-46EC-AA88-21E2A4BAC550}.Release_Ubuntu|Any CPU.Build.0 = Release|Any CPU
		{87063138-EEB6-46EC-AA88-21E2A4BAC550}.Release_Ubuntu|x64.ActiveCfg = Release|x64
		{87063138-EEB6-46EC-AA88-21E2A4BAC550}.Release_Ubuntu|x64.Build.0 = Release|x64
		{87063138-EEB6-46EC-AA88-21E2A4BAC550}.Release_Ubuntu|x86.ActiveCfg = Release|Any CPU
		{87063138-EEB6-46EC-AA88-21E2A4BAC550}.Release_Ubuntu|x86.Build.0 = Release|Any CPU
		{87063138-EEB6-46EC-AA88-21E2A4BAC550}.Release|Any CPU.ActiveCfg = Release|Any CPU
		{87063138-EEB6-46EC-AA88-21E2A4BAC550}.Release|Any CPU.Build.0 = Release|Any CPU
		{87063138-EEB6-46EC-AA88-21E2A4BAC550}.Release|x64.ActiveCfg = Release|x64
		{87063138-EEB6-46EC-AA88-21E2A4BAC550}.Release|x64.Build.0 = Release|x64
		{87063138-EEB6-46EC-AA88-21E2A4BAC550}.Release|x86.ActiveCfg = Release|Any CPU
		{87063138-EEB6-46EC-AA88-21E2A4BAC550}.Release|x86.Build.0 = Release|Any CPU
		{FAF895F3-2EA3-44CC-ABE8-D54DC2AE0927}.Debug_Ubuntu|Any CPU.ActiveCfg = Debug|Any CPU
		{FAF895F3-2EA3-44CC-ABE8-D54DC2AE0927}.Debug_Ubuntu|Any CPU.Build.0 = Debug|Any CPU
		{FAF895F3-2EA3-44CC-ABE8-D54DC2AE0927}.Debug_Ubuntu|x64.ActiveCfg = Debug|Any CPU
		{FAF895F3-2EA3-44CC-ABE8-D54DC2AE0927}.Debug_Ubuntu|x64.Build.0 = Debug|Any CPU
		{FAF895F3-2EA3-44CC-ABE8-D54DC2AE0927}.Debug_Ubuntu|x86.ActiveCfg = Debug|Any CPU
		{FAF895F3-2EA3-44CC-ABE8-D54DC2AE0927}.Debug_Ubuntu|x86.Build.0 = Debug|Any CPU
		{FAF895F3-2EA3-44CC-ABE8-D54DC2AE0927}.Debug|Any CPU.ActiveCfg = Debug|Any CPU
		{FAF895F3-2EA3-44CC-ABE8-D54DC2AE0927}.Debug|Any CPU.Build.0 = Debug|Any CPU
		{FAF895F3-2EA3-44CC-ABE8-D54DC2AE0927}.Debug|x64.ActiveCfg = Debug|Any CPU
		{FAF895F3-2EA3-44CC-ABE8-D54DC2AE0927}.Debug|x64.Build.0 = Debug|Any CPU
		{FAF895F3-2EA3-44CC-ABE8-D54DC2AE0927}.Debug|x86.ActiveCfg = Debug|Any CPU
		{FAF895F3-2EA3-44CC-ABE8-D54DC2AE0927}.Debug|x86.Build.0 = Debug|Any CPU
		{FAF895F3-2EA3-44CC-ABE8-D54DC2AE0927}.Library|Any CPU.ActiveCfg = Release|Any CPU
		{FAF895F3-2EA3-44CC-ABE8-D54DC2AE0927}.Library|Any CPU.Build.0 = Release|Any CPU
		{FAF895F3-2EA3-44CC-ABE8-D54DC2AE0927}.Library|x64.ActiveCfg = Release|Any CPU
		{FAF895F3-2EA3-44CC-ABE8-D54DC2AE0927}.Library|x64.Build.0 = Release|Any CPU
		{FAF895F3-2EA3-44CC-ABE8-D54DC2AE0927}.Library|x86.ActiveCfg = Release|Any CPU
		{FAF895F3-2EA3-44CC-ABE8-D54DC2AE0927}.Library|x86.Build.0 = Release|Any CPU
		{FAF895F3-2EA3-44CC-ABE8-D54DC2AE0927}.Release_Ubuntu|Any CPU.ActiveCfg = Release|Any CPU
		{FAF895F3-2EA3-44CC-ABE8-D54DC2AE0927}.Release_Ubuntu|Any CPU.Build.0 = Release|Any CPU
		{FAF895F3-2EA3-44CC-ABE8-D54DC2AE0927}.Release_Ubuntu|x64.ActiveCfg = Release|Any CPU
		{FAF895F3-2EA3-44CC-ABE8-D54DC2AE0927}.Release_Ubuntu|x64.Build.0 = Release|Any CPU
		{FAF895F3-2EA3-44CC-ABE8-D54DC2AE0927}.Release_Ubuntu|x86.ActiveCfg = Release|Any CPU
		{FAF895F3-2EA3-44CC-ABE8-D54DC2AE0927}.Release_Ubuntu|x86.Build.0 = Release|Any CPU
		{FAF895F3-2EA3-44CC-ABE8-D54DC2AE0927}.Release|Any CPU.ActiveCfg = Release|Any CPU
		{FAF895F3-2EA3-44CC-ABE8-D54DC2AE0927}.Release|Any CPU.Build.0 = Release|Any CPU
		{FAF895F3-2EA3-44CC-ABE8-D54DC2AE0927}.Release|x64.ActiveCfg = Release|Any CPU
		{FAF895F3-2EA3-44CC-ABE8-D54DC2AE0927}.Release|x64.Build.0 = Release|Any CPU
		{FAF895F3-2EA3-44CC-ABE8-D54DC2AE0927}.Release|x86.ActiveCfg = Release|Any CPU
		{FAF895F3-2EA3-44CC-ABE8-D54DC2AE0927}.Release|x86.Build.0 = Release|Any CPU
		{906B8907-F2EA-4BAA-BF11-9F80C6E8BBBD}.Debug_Ubuntu|Any CPU.ActiveCfg = Debug|Any CPU
		{906B8907-F2EA-4BAA-BF11-9F80C6E8BBBD}.Debug_Ubuntu|Any CPU.Build.0 = Debug|Any CPU
		{906B8907-F2EA-4BAA-BF11-9F80C6E8BBBD}.Debug_Ubuntu|x64.ActiveCfg = Debug|Any CPU
		{906B8907-F2EA-4BAA-BF11-9F80C6E8BBBD}.Debug_Ubuntu|x64.Build.0 = Debug|Any CPU
		{906B8907-F2EA-4BAA-BF11-9F80C6E8BBBD}.Debug_Ubuntu|x86.ActiveCfg = Debug|Any CPU
		{906B8907-F2EA-4BAA-BF11-9F80C6E8BBBD}.Debug_Ubuntu|x86.Build.0 = Debug|Any CPU
		{906B8907-F2EA-4BAA-BF11-9F80C6E8BBBD}.Debug|Any CPU.ActiveCfg = Debug|Any CPU
		{906B8907-F2EA-4BAA-BF11-9F80C6E8BBBD}.Debug|Any CPU.Build.0 = Debug|Any CPU
		{906B8907-F2EA-4BAA-BF11-9F80C6E8BBBD}.Debug|x64.ActiveCfg = Debug|Any CPU
		{906B8907-F2EA-4BAA-BF11-9F80C6E8BBBD}.Debug|x64.Build.0 = Debug|Any CPU
		{906B8907-F2EA-4BAA-BF11-9F80C6E8BBBD}.Debug|x86.ActiveCfg = Debug|Any CPU
		{906B8907-F2EA-4BAA-BF11-9F80C6E8BBBD}.Debug|x86.Build.0 = Debug|Any CPU
		{906B8907-F2EA-4BAA-BF11-9F80C6E8BBBD}.Library|Any CPU.ActiveCfg = Release|Any CPU
		{906B8907-F2EA-4BAA-BF11-9F80C6E8BBBD}.Library|Any CPU.Build.0 = Release|Any CPU
		{906B8907-F2EA-4BAA-BF11-9F80C6E8BBBD}.Library|x64.ActiveCfg = Release|Any CPU
		{906B8907-F2EA-4BAA-BF11-9F80C6E8BBBD}.Library|x64.Build.0 = Release|Any CPU
		{906B8907-F2EA-4BAA-BF11-9F80C6E8BBBD}.Library|x86.ActiveCfg = Release|Any CPU
		{906B8907-F2EA-4BAA-BF11-9F80C6E8BBBD}.Library|x86.Build.0 = Release|Any CPU
		{906B8907-F2EA-4BAA-BF11-9F80C6E8BBBD}.Release_Ubuntu|Any CPU.ActiveCfg = Release|Any CPU
		{906B8907-F2EA-4BAA-BF11-9F80C6E8BBBD}.Release_Ubuntu|Any CPU.Build.0 = Release|Any CPU
		{906B8907-F2EA-4BAA-BF11-9F80C6E8BBBD}.Release_Ubuntu|x64.ActiveCfg = Release|Any CPU
		{906B8907-F2EA-4BAA-BF11-9F80C6E8BBBD}.Release_Ubuntu|x64.Build.0 = Release|Any CPU
		{906B8907-F2EA-4BAA-BF11-9F80C6E8BBBD}.Release_Ubuntu|x86.ActiveCfg = Release|Any CPU
		{906B8907-F2EA-4BAA-BF11-9F80C6E8BBBD}.Release_Ubuntu|x86.Build.0 = Release|Any CPU
		{906B8907-F2EA-4BAA-BF11-9F80C6E8BBBD}.Release|Any CPU.ActiveCfg = Release|Any CPU
		{906B8907-F2EA-4BAA-BF11-9F80C6E8BBBD}.Release|Any CPU.Build.0 = Release|Any CPU
		{906B8907-F2EA-4BAA-BF11-9F80C6E8BBBD}.Release|x64.ActiveCfg = Release|Any CPU
		{906B8907-F2EA-4BAA-BF11-9F80C6E8BBBD}.Release|x64.Build.0 = Release|Any CPU
		{906B8907-F2EA-4BAA-BF11-9F80C6E8BBBD}.Release|x86.ActiveCfg = Release|Any CPU
		{906B8907-F2EA-4BAA-BF11-9F80C6E8BBBD}.Release|x86.Build.0 = Release|Any CPU
		{79290F00-57E4-43B6-A614-7B2796B17D15}.Debug_Ubuntu|Any CPU.ActiveCfg = Debug|Any CPU
		{79290F00-57E4-43B6-A614-7B2796B17D15}.Debug_Ubuntu|Any CPU.Build.0 = Debug|Any CPU
		{79290F00-57E4-43B6-A614-7B2796B17D15}.Debug_Ubuntu|x64.ActiveCfg = Debug|x64
		{79290F00-57E4-43B6-A614-7B2796B17D15}.Debug_Ubuntu|x64.Build.0 = Debug|x64
		{79290F00-57E4-43B6-A614-7B2796B17D15}.Debug_Ubuntu|x86.ActiveCfg = Debug|Any CPU
		{79290F00-57E4-43B6-A614-7B2796B17D15}.Debug_Ubuntu|x86.Build.0 = Debug|Any CPU
		{79290F00-57E4-43B6-A614-7B2796B17D15}.Debug|Any CPU.ActiveCfg = Debug|Any CPU
		{79290F00-57E4-43B6-A614-7B2796B17D15}.Debug|Any CPU.Build.0 = Debug|Any CPU
		{79290F00-57E4-43B6-A614-7B2796B17D15}.Debug|x64.ActiveCfg = Debug|x64
		{79290F00-57E4-43B6-A614-7B2796B17D15}.Debug|x64.Build.0 = Debug|x64
		{79290F00-57E4-43B6-A614-7B2796B17D15}.Debug|x86.ActiveCfg = Debug|Any CPU
		{79290F00-57E4-43B6-A614-7B2796B17D15}.Debug|x86.Build.0 = Debug|Any CPU
		{79290F00-57E4-43B6-A614-7B2796B17D15}.Library|Any CPU.ActiveCfg = Release|Any CPU
		{79290F00-57E4-43B6-A614-7B2796B17D15}.Library|Any CPU.Build.0 = Release|Any CPU
		{79290F00-57E4-43B6-A614-7B2796B17D15}.Library|x64.ActiveCfg = Release|x64
		{79290F00-57E4-43B6-A614-7B2796B17D15}.Library|x64.Build.0 = Release|x64
		{79290F00-57E4-43B6-A614-7B2796B17D15}.Library|x86.ActiveCfg = Release|Any CPU
		{79290F00-57E4-43B6-A614-7B2796B17D15}.Library|x86.Build.0 = Release|Any CPU
		{79290F00-57E4-43B6-A614-7B2796B17D15}.Release_Ubuntu|Any CPU.ActiveCfg = Release|Any CPU
		{79290F00-57E4-43B6-A614-7B2796B17D15}.Release_Ubuntu|Any CPU.Build.0 = Release|Any CPU
		{79290F00-57E4-43B6-A614-7B2796B17D15}.Release_Ubuntu|x64.ActiveCfg = Release|x64
		{79290F00-57E4-43B6-A614-7B2796B17D15}.Release_Ubuntu|x64.Build.0 = Release|x64
		{79290F00-57E4-43B6-A614-7B2796B17D15}.Release_Ubuntu|x86.ActiveCfg = Release|Any CPU
		{79290F00-57E4-43B6-A614-7B2796B17D15}.Release_Ubuntu|x86.Build.0 = Release|Any CPU
		{79290F00-57E4-43B6-A614-7B2796B17D15}.Release|Any CPU.ActiveCfg = Release|Any CPU
		{79290F00-57E4-43B6-A614-7B2796B17D15}.Release|Any CPU.Build.0 = Release|Any CPU
		{79290F00-57E4-43B6-A614-7B2796B17D15}.Release|x64.ActiveCfg = Release|x64
		{79290F00-57E4-43B6-A614-7B2796B17D15}.Release|x64.Build.0 = Release|x64
		{79290F00-57E4-43B6-A614-7B2796B17D15}.Release|x86.ActiveCfg = Release|Any CPU
		{79290F00-57E4-43B6-A614-7B2796B17D15}.Release|x86.Build.0 = Release|Any CPU
		{B4B2A51B-817F-4452-8EA1-152C5F9F457D}.Debug_Ubuntu|Any CPU.ActiveCfg = Debug|Any CPU
		{B4B2A51B-817F-4452-8EA1-152C5F9F457D}.Debug_Ubuntu|Any CPU.Build.0 = Debug|Any CPU
		{B4B2A51B-817F-4452-8EA1-152C5F9F457D}.Debug_Ubuntu|x64.ActiveCfg = Debug|Any CPU
		{B4B2A51B-817F-4452-8EA1-152C5F9F457D}.Debug_Ubuntu|x64.Build.0 = Debug|Any CPU
		{B4B2A51B-817F-4452-8EA1-152C5F9F457D}.Debug_Ubuntu|x86.ActiveCfg = Debug|Any CPU
		{B4B2A51B-817F-4452-8EA1-152C5F9F457D}.Debug_Ubuntu|x86.Build.0 = Debug|Any CPU
		{B4B2A51B-817F-4452-8EA1-152C5F9F457D}.Debug|Any CPU.ActiveCfg = Debug|Any CPU
		{B4B2A51B-817F-4452-8EA1-152C5F9F457D}.Debug|Any CPU.Build.0 = Debug|Any CPU
		{B4B2A51B-817F-4452-8EA1-152C5F9F457D}.Debug|x64.ActiveCfg = Debug|Any CPU
		{B4B2A51B-817F-4452-8EA1-152C5F9F457D}.Debug|x64.Build.0 = Debug|Any CPU
		{B4B2A51B-817F-4452-8EA1-152C5F9F457D}.Debug|x86.ActiveCfg = Debug|Any CPU
		{B4B2A51B-817F-4452-8EA1-152C5F9F457D}.Debug|x86.Build.0 = Debug|Any CPU
		{B4B2A51B-817F-4452-8EA1-152C5F9F457D}.Library|Any CPU.ActiveCfg = Release|Any CPU
		{B4B2A51B-817F-4452-8EA1-152C5F9F457D}.Library|Any CPU.Build.0 = Release|Any CPU
		{B4B2A51B-817F-4452-8EA1-152C5F9F457D}.Library|x64.ActiveCfg = Release|Any CPU
		{B4B2A51B-817F-4452-8EA1-152C5F9F457D}.Library|x64.Build.0 = Release|Any CPU
		{B4B2A51B-817F-4452-8EA1-152C5F9F457D}.Library|x86.ActiveCfg = Release|Any CPU
		{B4B2A51B-817F-4452-8EA1-152C5F9F457D}.Library|x86.Build.0 = Release|Any CPU
		{B4B2A51B-817F-4452-8EA1-152C5F9F457D}.Release_Ubuntu|Any CPU.ActiveCfg = Release|Any CPU
		{B4B2A51B-817F-4452-8EA1-152C5F9F457D}.Release_Ubuntu|Any CPU.Build.0 = Release|Any CPU
		{B4B2A51B-817F-4452-8EA1-152C5F9F457D}.Release_Ubuntu|x64.ActiveCfg = Release|Any CPU
		{B4B2A51B-817F-4452-8EA1-152C5F9F457D}.Release_Ubuntu|x64.Build.0 = Release|Any CPU
		{B4B2A51B-817F-4452-8EA1-152C5F9F457D}.Release_Ubuntu|x86.ActiveCfg = Release|Any CPU
		{B4B2A51B-817F-4452-8EA1-152C5F9F457D}.Release_Ubuntu|x86.Build.0 = Release|Any CPU
		{B4B2A51B-817F-4452-8EA1-152C5F9F457D}.Release|Any CPU.ActiveCfg = Release|Any CPU
		{B4B2A51B-817F-4452-8EA1-152C5F9F457D}.Release|Any CPU.Build.0 = Release|Any CPU
		{B4B2A51B-817F-4452-8EA1-152C5F9F457D}.Release|x64.ActiveCfg = Release|Any CPU
		{B4B2A51B-817F-4452-8EA1-152C5F9F457D}.Release|x64.Build.0 = Release|Any CPU
		{B4B2A51B-817F-4452-8EA1-152C5F9F457D}.Release|x86.ActiveCfg = Release|Any CPU
		{B4B2A51B-817F-4452-8EA1-152C5F9F457D}.Release|x86.Build.0 = Release|Any CPU
		{2F06D4D1-F203-4F83-B653-0A1CA6F3DCED}.Debug_Ubuntu|Any CPU.ActiveCfg = Debug|Any CPU
		{2F06D4D1-F203-4F83-B653-0A1CA6F3DCED}.Debug_Ubuntu|Any CPU.Build.0 = Debug|Any CPU
		{2F06D4D1-F203-4F83-B653-0A1CA6F3DCED}.Debug_Ubuntu|x64.ActiveCfg = Debug|x64
		{2F06D4D1-F203-4F83-B653-0A1CA6F3DCED}.Debug_Ubuntu|x64.Build.0 = Debug|x64
		{2F06D4D1-F203-4F83-B653-0A1CA6F3DCED}.Debug_Ubuntu|x86.ActiveCfg = Debug|Any CPU
		{2F06D4D1-F203-4F83-B653-0A1CA6F3DCED}.Debug_Ubuntu|x86.Build.0 = Debug|Any CPU
		{2F06D4D1-F203-4F83-B653-0A1CA6F3DCED}.Debug|Any CPU.ActiveCfg = Debug|Any CPU
		{2F06D4D1-F203-4F83-B653-0A1CA6F3DCED}.Debug|Any CPU.Build.0 = Debug|Any CPU
		{2F06D4D1-F203-4F83-B653-0A1CA6F3DCED}.Debug|x64.ActiveCfg = Debug|x64
		{2F06D4D1-F203-4F83-B653-0A1CA6F3DCED}.Debug|x64.Build.0 = Debug|x64
		{2F06D4D1-F203-4F83-B653-0A1CA6F3DCED}.Debug|x86.ActiveCfg = Debug|Any CPU
		{2F06D4D1-F203-4F83-B653-0A1CA6F3DCED}.Debug|x86.Build.0 = Debug|Any CPU
		{2F06D4D1-F203-4F83-B653-0A1CA6F3DCED}.Library|Any CPU.ActiveCfg = Library|Any CPU
		{2F06D4D1-F203-4F83-B653-0A1CA6F3DCED}.Library|Any CPU.Build.0 = Library|Any CPU
		{2F06D4D1-F203-4F83-B653-0A1CA6F3DCED}.Library|x64.ActiveCfg = Library|x64
		{2F06D4D1-F203-4F83-B653-0A1CA6F3DCED}.Library|x64.Build.0 = Library|x64
		{2F06D4D1-F203-4F83-B653-0A1CA6F3DCED}.Library|x86.ActiveCfg = Library|Any CPU
		{2F06D4D1-F203-4F83-B653-0A1CA6F3DCED}.Library|x86.Build.0 = Library|Any CPU
		{2F06D4D1-F203-4F83-B653-0A1CA6F3DCED}.Release_Ubuntu|Any CPU.ActiveCfg = Release|Any CPU
		{2F06D4D1-F203-4F83-B653-0A1CA6F3DCED}.Release_Ubuntu|Any CPU.Build.0 = Release|Any CPU
		{2F06D4D1-F203-4F83-B653-0A1CA6F3DCED}.Release_Ubuntu|x64.ActiveCfg = Release|x64
		{2F06D4D1-F203-4F83-B653-0A1CA6F3DCED}.Release_Ubuntu|x64.Build.0 = Release|x64
		{2F06D4D1-F203-4F83-B653-0A1CA6F3DCED}.Release_Ubuntu|x86.ActiveCfg = Release|Any CPU
		{2F06D4D1-F203-4F83-B653-0A1CA6F3DCED}.Release_Ubuntu|x86.Build.0 = Release|Any CPU
		{2F06D4D1-F203-4F83-B653-0A1CA6F3DCED}.Release|Any CPU.ActiveCfg = Release|Any CPU
		{2F06D4D1-F203-4F83-B653-0A1CA6F3DCED}.Release|Any CPU.Build.0 = Release|Any CPU
		{2F06D4D1-F203-4F83-B653-0A1CA6F3DCED}.Release|x64.ActiveCfg = Release|x64
		{2F06D4D1-F203-4F83-B653-0A1CA6F3DCED}.Release|x64.Build.0 = Release|x64
		{2F06D4D1-F203-4F83-B653-0A1CA6F3DCED}.Release|x86.ActiveCfg = Release|Any CPU
		{2F06D4D1-F203-4F83-B653-0A1CA6F3DCED}.Release|x86.Build.0 = Release|Any CPU
		{95AF459F-95CD-41A8-8226-8FCCEAE10E5F}.Debug_Ubuntu|Any CPU.ActiveCfg = Debug|Any CPU
		{95AF459F-95CD-41A8-8226-8FCCEAE10E5F}.Debug_Ubuntu|Any CPU.Build.0 = Debug|Any CPU
		{95AF459F-95CD-41A8-8226-8FCCEAE10E5F}.Debug_Ubuntu|x64.ActiveCfg = Debug|Any CPU
		{95AF459F-95CD-41A8-8226-8FCCEAE10E5F}.Debug_Ubuntu|x64.Build.0 = Debug|Any CPU
		{95AF459F-95CD-41A8-8226-8FCCEAE10E5F}.Debug_Ubuntu|x86.ActiveCfg = Debug|Any CPU
		{95AF459F-95CD-41A8-8226-8FCCEAE10E5F}.Debug_Ubuntu|x86.Build.0 = Debug|Any CPU
		{95AF459F-95CD-41A8-8226-8FCCEAE10E5F}.Debug|Any CPU.ActiveCfg = Debug|Any CPU
		{95AF459F-95CD-41A8-8226-8FCCEAE10E5F}.Debug|Any CPU.Build.0 = Debug|Any CPU
		{95AF459F-95CD-41A8-8226-8FCCEAE10E5F}.Debug|x64.ActiveCfg = Debug|Any CPU
		{95AF459F-95CD-41A8-8226-8FCCEAE10E5F}.Debug|x64.Build.0 = Debug|Any CPU
		{95AF459F-95CD-41A8-8226-8FCCEAE10E5F}.Debug|x86.ActiveCfg = Debug|Any CPU
		{95AF459F-95CD-41A8-8226-8FCCEAE10E5F}.Debug|x86.Build.0 = Debug|Any CPU
		{95AF459F-95CD-41A8-8226-8FCCEAE10E5F}.Library|Any CPU.ActiveCfg = Release|Any CPU
		{95AF459F-95CD-41A8-8226-8FCCEAE10E5F}.Library|Any CPU.Build.0 = Release|Any CPU
		{95AF459F-95CD-41A8-8226-8FCCEAE10E5F}.Library|x64.ActiveCfg = Release|Any CPU
		{95AF459F-95CD-41A8-8226-8FCCEAE10E5F}.Library|x64.Build.0 = Release|Any CPU
		{95AF459F-95CD-41A8-8226-8FCCEAE10E5F}.Library|x86.ActiveCfg = Release|Any CPU
		{95AF459F-95CD-41A8-8226-8FCCEAE10E5F}.Library|x86.Build.0 = Release|Any CPU
		{95AF459F-95CD-41A8-8226-8FCCEAE10E5F}.Release_Ubuntu|Any CPU.ActiveCfg = Release|Any CPU
		{95AF459F-95CD-41A8-8226-8FCCEAE10E5F}.Release_Ubuntu|Any CPU.Build.0 = Release|Any CPU
		{95AF459F-95CD-41A8-8226-8FCCEAE10E5F}.Release_Ubuntu|x64.ActiveCfg = Release|Any CPU
		{95AF459F-95CD-41A8-8226-8FCCEAE10E5F}.Release_Ubuntu|x64.Build.0 = Release|Any CPU
		{95AF459F-95CD-41A8-8226-8FCCEAE10E5F}.Release_Ubuntu|x86.ActiveCfg = Release|Any CPU
		{95AF459F-95CD-41A8-8226-8FCCEAE10E5F}.Release_Ubuntu|x86.Build.0 = Release|Any CPU
		{95AF459F-95CD-41A8-8226-8FCCEAE10E5F}.Release|Any CPU.ActiveCfg = Release|Any CPU
		{95AF459F-95CD-41A8-8226-8FCCEAE10E5F}.Release|Any CPU.Build.0 = Release|Any CPU
		{95AF459F-95CD-41A8-8226-8FCCEAE10E5F}.Release|x64.ActiveCfg = Release|Any CPU
		{95AF459F-95CD-41A8-8226-8FCCEAE10E5F}.Release|x64.Build.0 = Release|Any CPU
		{95AF459F-95CD-41A8-8226-8FCCEAE10E5F}.Release|x86.ActiveCfg = Release|Any CPU
		{95AF459F-95CD-41A8-8226-8FCCEAE10E5F}.Release|x86.Build.0 = Release|Any CPU
		{B357BAC7-529E-4D81-A0D2-71041B19C8DE}.Debug_Ubuntu|Any CPU.ActiveCfg = Debug_Ubuntu|Any CPU
		{B357BAC7-529E-4D81-A0D2-71041B19C8DE}.Debug_Ubuntu|Any CPU.Build.0 = Debug_Ubuntu|Any CPU
		{B357BAC7-529E-4D81-A0D2-71041B19C8DE}.Debug_Ubuntu|x64.ActiveCfg = Debug_Ubuntu|Any CPU
		{B357BAC7-529E-4D81-A0D2-71041B19C8DE}.Debug_Ubuntu|x64.Build.0 = Debug_Ubuntu|Any CPU
		{B357BAC7-529E-4D81-A0D2-71041B19C8DE}.Debug_Ubuntu|x86.ActiveCfg = Debug_Ubuntu|Any CPU
		{B357BAC7-529E-4D81-A0D2-71041B19C8DE}.Debug_Ubuntu|x86.Build.0 = Debug_Ubuntu|Any CPU
		{B357BAC7-529E-4D81-A0D2-71041B19C8DE}.Debug|Any CPU.ActiveCfg = Debug|Any CPU
		{B357BAC7-529E-4D81-A0D2-71041B19C8DE}.Debug|Any CPU.Build.0 = Debug|Any CPU
		{B357BAC7-529E-4D81-A0D2-71041B19C8DE}.Debug|x64.ActiveCfg = Debug|Any CPU
		{B357BAC7-529E-4D81-A0D2-71041B19C8DE}.Debug|x64.Build.0 = Debug|Any CPU
		{B357BAC7-529E-4D81-A0D2-71041B19C8DE}.Debug|x86.ActiveCfg = Debug|Any CPU
		{B357BAC7-529E-4D81-A0D2-71041B19C8DE}.Debug|x86.Build.0 = Debug|Any CPU
		{B357BAC7-529E-4D81-A0D2-71041B19C8DE}.Library|Any CPU.ActiveCfg = Release_Ubuntu|Any CPU
		{B357BAC7-529E-4D81-A0D2-71041B19C8DE}.Library|Any CPU.Build.0 = Release_Ubuntu|Any CPU
		{B357BAC7-529E-4D81-A0D2-71041B19C8DE}.Library|x64.ActiveCfg = Release_Ubuntu|Any CPU
		{B357BAC7-529E-4D81-A0D2-71041B19C8DE}.Library|x64.Build.0 = Release_Ubuntu|Any CPU
		{B357BAC7-529E-4D81-A0D2-71041B19C8DE}.Library|x86.ActiveCfg = Release_Ubuntu|Any CPU
		{B357BAC7-529E-4D81-A0D2-71041B19C8DE}.Library|x86.Build.0 = Release_Ubuntu|Any CPU
		{B357BAC7-529E-4D81-A0D2-71041B19C8DE}.Release_Ubuntu|Any CPU.ActiveCfg = Release_Ubuntu|Any CPU
		{B357BAC7-529E-4D81-A0D2-71041B19C8DE}.Release_Ubuntu|Any CPU.Build.0 = Release_Ubuntu|Any CPU
		{B357BAC7-529E-4D81-A0D2-71041B19C8DE}.Release_Ubuntu|x64.ActiveCfg = Release_Ubuntu|Any CPU
		{B357BAC7-529E-4D81-A0D2-71041B19C8DE}.Release_Ubuntu|x64.Build.0 = Release_Ubuntu|Any CPU
		{B357BAC7-529E-4D81-A0D2-71041B19C8DE}.Release_Ubuntu|x86.ActiveCfg = Release_Ubuntu|Any CPU
		{B357BAC7-529E-4D81-A0D2-71041B19C8DE}.Release_Ubuntu|x86.Build.0 = Release_Ubuntu|Any CPU
		{B357BAC7-529E-4D81-A0D2-71041B19C8DE}.Release|Any CPU.ActiveCfg = Release|Any CPU
		{B357BAC7-529E-4D81-A0D2-71041B19C8DE}.Release|Any CPU.Build.0 = Release|Any CPU
		{B357BAC7-529E-4D81-A0D2-71041B19C8DE}.Release|x64.ActiveCfg = Release|Any CPU
		{B357BAC7-529E-4D81-A0D2-71041B19C8DE}.Release|x64.Build.0 = Release|Any CPU
		{B357BAC7-529E-4D81-A0D2-71041B19C8DE}.Release|x86.ActiveCfg = Release|Any CPU
		{B357BAC7-529E-4D81-A0D2-71041B19C8DE}.Release|x86.Build.0 = Release|Any CPU
		{ACB5F686-E0C6-461A-9C56-9ABD4A489FCB}.Debug_Ubuntu|Any CPU.ActiveCfg = Debug|Any CPU
		{ACB5F686-E0C6-461A-9C56-9ABD4A489FCB}.Debug_Ubuntu|Any CPU.Build.0 = Debug|Any CPU
		{ACB5F686-E0C6-461A-9C56-9ABD4A489FCB}.Debug_Ubuntu|x64.ActiveCfg = Debug|Any CPU
		{ACB5F686-E0C6-461A-9C56-9ABD4A489FCB}.Debug_Ubuntu|x64.Build.0 = Debug|Any CPU
		{ACB5F686-E0C6-461A-9C56-9ABD4A489FCB}.Debug_Ubuntu|x86.ActiveCfg = Debug|Any CPU
		{ACB5F686-E0C6-461A-9C56-9ABD4A489FCB}.Debug_Ubuntu|x86.Build.0 = Debug|Any CPU
		{ACB5F686-E0C6-461A-9C56-9ABD4A489FCB}.Debug|Any CPU.ActiveCfg = Debug|Any CPU
		{ACB5F686-E0C6-461A-9C56-9ABD4A489FCB}.Debug|Any CPU.Build.0 = Debug|Any CPU
		{ACB5F686-E0C6-461A-9C56-9ABD4A489FCB}.Debug|x64.ActiveCfg = Debug|Any CPU
		{ACB5F686-E0C6-461A-9C56-9ABD4A489FCB}.Debug|x64.Build.0 = Debug|Any CPU
		{ACB5F686-E0C6-461A-9C56-9ABD4A489FCB}.Debug|x86.ActiveCfg = Debug|Any CPU
		{ACB5F686-E0C6-461A-9C56-9ABD4A489FCB}.Debug|x86.Build.0 = Debug|Any CPU
		{ACB5F686-E0C6-461A-9C56-9ABD4A489FCB}.Library|Any CPU.ActiveCfg = Release|Any CPU
		{ACB5F686-E0C6-461A-9C56-9ABD4A489FCB}.Library|Any CPU.Build.0 = Release|Any CPU
		{ACB5F686-E0C6-461A-9C56-9ABD4A489FCB}.Library|x64.ActiveCfg = Release|Any CPU
		{ACB5F686-E0C6-461A-9C56-9ABD4A489FCB}.Library|x64.Build.0 = Release|Any CPU
		{ACB5F686-E0C6-461A-9C56-9ABD4A489FCB}.Library|x86.ActiveCfg = Release|Any CPU
		{ACB5F686-E0C6-461A-9C56-9ABD4A489FCB}.Library|x86.Build.0 = Release|Any CPU
		{ACB5F686-E0C6-461A-9C56-9ABD4A489FCB}.Release_Ubuntu|Any CPU.ActiveCfg = Release|Any CPU
		{ACB5F686-E0C6-461A-9C56-9ABD4A489FCB}.Release_Ubuntu|Any CPU.Build.0 = Release|Any CPU
		{ACB5F686-E0C6-461A-9C56-9ABD4A489FCB}.Release_Ubuntu|x64.ActiveCfg = Release|Any CPU
		{ACB5F686-E0C6-461A-9C56-9ABD4A489FCB}.Release_Ubuntu|x64.Build.0 = Release|Any CPU
		{ACB5F686-E0C6-461A-9C56-9ABD4A489FCB}.Release_Ubuntu|x86.ActiveCfg = Release|Any CPU
		{ACB5F686-E0C6-461A-9C56-9ABD4A489FCB}.Release_Ubuntu|x86.Build.0 = Release|Any CPU
		{ACB5F686-E0C6-461A-9C56-9ABD4A489FCB}.Release|Any CPU.ActiveCfg = Release|Any CPU
		{ACB5F686-E0C6-461A-9C56-9ABD4A489FCB}.Release|Any CPU.Build.0 = Release|Any CPU
		{ACB5F686-E0C6-461A-9C56-9ABD4A489FCB}.Release|x64.ActiveCfg = Release|Any CPU
		{ACB5F686-E0C6-461A-9C56-9ABD4A489FCB}.Release|x64.Build.0 = Release|Any CPU
		{ACB5F686-E0C6-461A-9C56-9ABD4A489FCB}.Release|x86.ActiveCfg = Release|Any CPU
		{ACB5F686-E0C6-461A-9C56-9ABD4A489FCB}.Release|x86.Build.0 = Release|Any CPU
		{3D19B99C-EBCB-4B4A-85FF-8F9FE5DD9133}.Debug_Ubuntu|Any CPU.ActiveCfg = Debug|Any CPU
		{3D19B99C-EBCB-4B4A-85FF-8F9FE5DD9133}.Debug_Ubuntu|Any CPU.Build.0 = Debug|Any CPU
		{3D19B99C-EBCB-4B4A-85FF-8F9FE5DD9133}.Debug_Ubuntu|x64.ActiveCfg = Debug|Any CPU
		{3D19B99C-EBCB-4B4A-85FF-8F9FE5DD9133}.Debug_Ubuntu|x64.Build.0 = Debug|Any CPU
		{3D19B99C-EBCB-4B4A-85FF-8F9FE5DD9133}.Debug_Ubuntu|x86.ActiveCfg = Debug|Any CPU
		{3D19B99C-EBCB-4B4A-85FF-8F9FE5DD9133}.Debug_Ubuntu|x86.Build.0 = Debug|Any CPU
		{3D19B99C-EBCB-4B4A-85FF-8F9FE5DD9133}.Debug|Any CPU.ActiveCfg = Debug|Any CPU
		{3D19B99C-EBCB-4B4A-85FF-8F9FE5DD9133}.Debug|Any CPU.Build.0 = Debug|Any CPU
		{3D19B99C-EBCB-4B4A-85FF-8F9FE5DD9133}.Debug|x64.ActiveCfg = Debug|Any CPU
		{3D19B99C-EBCB-4B4A-85FF-8F9FE5DD9133}.Debug|x64.Build.0 = Debug|Any CPU
		{3D19B99C-EBCB-4B4A-85FF-8F9FE5DD9133}.Debug|x86.ActiveCfg = Debug|Any CPU
		{3D19B99C-EBCB-4B4A-85FF-8F9FE5DD9133}.Debug|x86.Build.0 = Debug|Any CPU
		{3D19B99C-EBCB-4B4A-85FF-8F9FE5DD9133}.Library|Any CPU.ActiveCfg = Debug|Any CPU
		{3D19B99C-EBCB-4B4A-85FF-8F9FE5DD9133}.Library|Any CPU.Build.0 = Debug|Any CPU
		{3D19B99C-EBCB-4B4A-85FF-8F9FE5DD9133}.Library|x64.ActiveCfg = Debug|Any CPU
		{3D19B99C-EBCB-4B4A-85FF-8F9FE5DD9133}.Library|x64.Build.0 = Debug|Any CPU
		{3D19B99C-EBCB-4B4A-85FF-8F9FE5DD9133}.Library|x86.ActiveCfg = Debug|Any CPU
		{3D19B99C-EBCB-4B4A-85FF-8F9FE5DD9133}.Library|x86.Build.0 = Debug|Any CPU
		{3D19B99C-EBCB-4B4A-85FF-8F9FE5DD9133}.Release_Ubuntu|Any CPU.ActiveCfg = Release|Any CPU
		{3D19B99C-EBCB-4B4A-85FF-8F9FE5DD9133}.Release_Ubuntu|Any CPU.Build.0 = Release|Any CPU
		{3D19B99C-EBCB-4B4A-85FF-8F9FE5DD9133}.Release_Ubuntu|x64.ActiveCfg = Release|Any CPU
		{3D19B99C-EBCB-4B4A-85FF-8F9FE5DD9133}.Release_Ubuntu|x64.Build.0 = Release|Any CPU
		{3D19B99C-EBCB-4B4A-85FF-8F9FE5DD9133}.Release_Ubuntu|x86.ActiveCfg = Release|Any CPU
		{3D19B99C-EBCB-4B4A-85FF-8F9FE5DD9133}.Release_Ubuntu|x86.Build.0 = Release|Any CPU
		{3D19B99C-EBCB-4B4A-85FF-8F9FE5DD9133}.Release|Any CPU.ActiveCfg = Release|Any CPU
		{3D19B99C-EBCB-4B4A-85FF-8F9FE5DD9133}.Release|Any CPU.Build.0 = Release|Any CPU
		{3D19B99C-EBCB-4B4A-85FF-8F9FE5DD9133}.Release|x64.ActiveCfg = Release|Any CPU
		{3D19B99C-EBCB-4B4A-85FF-8F9FE5DD9133}.Release|x64.Build.0 = Release|Any CPU
		{3D19B99C-EBCB-4B4A-85FF-8F9FE5DD9133}.Release|x86.ActiveCfg = Release|Any CPU
		{3D19B99C-EBCB-4B4A-85FF-8F9FE5DD9133}.Release|x86.Build.0 = Release|Any CPU
		{E9FB40EA-9F4D-4A4B-87C1-48013EB73C35}.Debug_Ubuntu|Any CPU.ActiveCfg = Debug|Any CPU
		{E9FB40EA-9F4D-4A4B-87C1-48013EB73C35}.Debug_Ubuntu|Any CPU.Build.0 = Debug|Any CPU
		{E9FB40EA-9F4D-4A4B-87C1-48013EB73C35}.Debug_Ubuntu|x64.ActiveCfg = Debug|Any CPU
		{E9FB40EA-9F4D-4A4B-87C1-48013EB73C35}.Debug_Ubuntu|x64.Build.0 = Debug|Any CPU
		{E9FB40EA-9F4D-4A4B-87C1-48013EB73C35}.Debug_Ubuntu|x86.ActiveCfg = Debug|Any CPU
		{E9FB40EA-9F4D-4A4B-87C1-48013EB73C35}.Debug_Ubuntu|x86.Build.0 = Debug|Any CPU
		{E9FB40EA-9F4D-4A4B-87C1-48013EB73C35}.Debug|Any CPU.ActiveCfg = Debug|Any CPU
		{E9FB40EA-9F4D-4A4B-87C1-48013EB73C35}.Debug|Any CPU.Build.0 = Debug|Any CPU
		{E9FB40EA-9F4D-4A4B-87C1-48013EB73C35}.Debug|x64.ActiveCfg = Debug|Any CPU
		{E9FB40EA-9F4D-4A4B-87C1-48013EB73C35}.Debug|x64.Build.0 = Debug|Any CPU
		{E9FB40EA-9F4D-4A4B-87C1-48013EB73C35}.Debug|x86.ActiveCfg = Debug|Any CPU
		{E9FB40EA-9F4D-4A4B-87C1-48013EB73C35}.Debug|x86.Build.0 = Debug|Any CPU
		{E9FB40EA-9F4D-4A4B-87C1-48013EB73C35}.Library|Any CPU.ActiveCfg = Debug|Any CPU
		{E9FB40EA-9F4D-4A4B-87C1-48013EB73C35}.Library|Any CPU.Build.0 = Debug|Any CPU
		{E9FB40EA-9F4D-4A4B-87C1-48013EB73C35}.Library|x64.ActiveCfg = Debug|Any CPU
		{E9FB40EA-9F4D-4A4B-87C1-48013EB73C35}.Library|x64.Build.0 = Debug|Any CPU
		{E9FB40EA-9F4D-4A4B-87C1-48013EB73C35}.Library|x86.ActiveCfg = Debug|Any CPU
		{E9FB40EA-9F4D-4A4B-87C1-48013EB73C35}.Library|x86.Build.0 = Debug|Any CPU
		{E9FB40EA-9F4D-4A4B-87C1-48013EB73C35}.Release_Ubuntu|Any CPU.ActiveCfg = Release|Any CPU
		{E9FB40EA-9F4D-4A4B-87C1-48013EB73C35}.Release_Ubuntu|Any CPU.Build.0 = Release|Any CPU
		{E9FB40EA-9F4D-4A4B-87C1-48013EB73C35}.Release_Ubuntu|x64.ActiveCfg = Release|Any CPU
		{E9FB40EA-9F4D-4A4B-87C1-48013EB73C35}.Release_Ubuntu|x64.Build.0 = Release|Any CPU
		{E9FB40EA-9F4D-4A4B-87C1-48013EB73C35}.Release_Ubuntu|x86.ActiveCfg = Release|Any CPU
		{E9FB40EA-9F4D-4A4B-87C1-48013EB73C35}.Release_Ubuntu|x86.Build.0 = Release|Any CPU
		{E9FB40EA-9F4D-4A4B-87C1-48013EB73C35}.Release|Any CPU.ActiveCfg = Release|Any CPU
		{E9FB40EA-9F4D-4A4B-87C1-48013EB73C35}.Release|Any CPU.Build.0 = Release|Any CPU
		{E9FB40EA-9F4D-4A4B-87C1-48013EB73C35}.Release|x64.ActiveCfg = Release|Any CPU
		{E9FB40EA-9F4D-4A4B-87C1-48013EB73C35}.Release|x64.Build.0 = Release|Any CPU
		{E9FB40EA-9F4D-4A4B-87C1-48013EB73C35}.Release|x86.ActiveCfg = Release|Any CPU
		{E9FB40EA-9F4D-4A4B-87C1-48013EB73C35}.Release|x86.Build.0 = Release|Any CPU
		{C3110EBA-028E-411A-8639-A3ABF2B044B3}.Debug_Ubuntu|Any CPU.ActiveCfg = Debug|Any CPU
		{C3110EBA-028E-411A-8639-A3ABF2B044B3}.Debug_Ubuntu|Any CPU.Build.0 = Debug|Any CPU
		{C3110EBA-028E-411A-8639-A3ABF2B044B3}.Debug_Ubuntu|x64.ActiveCfg = Debug|Any CPU
		{C3110EBA-028E-411A-8639-A3ABF2B044B3}.Debug_Ubuntu|x64.Build.0 = Debug|Any CPU
		{C3110EBA-028E-411A-8639-A3ABF2B044B3}.Debug_Ubuntu|x86.ActiveCfg = Debug|Any CPU
		{C3110EBA-028E-411A-8639-A3ABF2B044B3}.Debug_Ubuntu|x86.Build.0 = Debug|Any CPU
		{C3110EBA-028E-411A-8639-A3ABF2B044B3}.Debug|Any CPU.ActiveCfg = Debug|Any CPU
		{C3110EBA-028E-411A-8639-A3ABF2B044B3}.Debug|Any CPU.Build.0 = Debug|Any CPU
		{C3110EBA-028E-411A-8639-A3ABF2B044B3}.Debug|x64.ActiveCfg = Debug|Any CPU
		{C3110EBA-028E-411A-8639-A3ABF2B044B3}.Debug|x64.Build.0 = Debug|Any CPU
		{C3110EBA-028E-411A-8639-A3ABF2B044B3}.Debug|x86.ActiveCfg = Debug|Any CPU
		{C3110EBA-028E-411A-8639-A3ABF2B044B3}.Debug|x86.Build.0 = Debug|Any CPU
		{C3110EBA-028E-411A-8639-A3ABF2B044B3}.Library|Any CPU.ActiveCfg = Debug|Any CPU
		{C3110EBA-028E-411A-8639-A3ABF2B044B3}.Library|Any CPU.Build.0 = Debug|Any CPU
		{C3110EBA-028E-411A-8639-A3ABF2B044B3}.Library|x64.ActiveCfg = Debug|Any CPU
		{C3110EBA-028E-411A-8639-A3ABF2B044B3}.Library|x64.Build.0 = Debug|Any CPU
		{C3110EBA-028E-411A-8639-A3ABF2B044B3}.Library|x86.ActiveCfg = Debug|Any CPU
		{C3110EBA-028E-411A-8639-A3ABF2B044B3}.Library|x86.Build.0 = Debug|Any CPU
		{C3110EBA-028E-411A-8639-A3ABF2B044B3}.Release_Ubuntu|Any CPU.ActiveCfg = Release|Any CPU
		{C3110EBA-028E-411A-8639-A3ABF2B044B3}.Release_Ubuntu|Any CPU.Build.0 = Release|Any CPU
		{C3110EBA-028E-411A-8639-A3ABF2B044B3}.Release_Ubuntu|x64.ActiveCfg = Release|Any CPU
		{C3110EBA-028E-411A-8639-A3ABF2B044B3}.Release_Ubuntu|x64.Build.0 = Release|Any CPU
		{C3110EBA-028E-411A-8639-A3ABF2B044B3}.Release_Ubuntu|x86.ActiveCfg = Release|Any CPU
		{C3110EBA-028E-411A-8639-A3ABF2B044B3}.Release_Ubuntu|x86.Build.0 = Release|Any CPU
		{C3110EBA-028E-411A-8639-A3ABF2B044B3}.Release|Any CPU.ActiveCfg = Release|Any CPU
		{C3110EBA-028E-411A-8639-A3ABF2B044B3}.Release|Any CPU.Build.0 = Release|Any CPU
		{C3110EBA-028E-411A-8639-A3ABF2B044B3}.Release|x64.ActiveCfg = Release|Any CPU
		{C3110EBA-028E-411A-8639-A3ABF2B044B3}.Release|x64.Build.0 = Release|Any CPU
		{C3110EBA-028E-411A-8639-A3ABF2B044B3}.Release|x86.ActiveCfg = Release|Any CPU
		{C3110EBA-028E-411A-8639-A3ABF2B044B3}.Release|x86.Build.0 = Release|Any CPU
	EndGlobalSection
	GlobalSection(SolutionProperties) = preSolution
		HideSolutionNode = FALSE
	EndGlobalSection
	GlobalSection(ExtensibilityGlobals) = postSolution
		SolutionGuid = {361D59AA-D751-469D-9D42-A02BE91593A7}
	EndGlobalSection
EndGlobal
