{
  "name": "myproject",
  "version": "1.0.0",
  "lockfileVersion": 1,
  "requires": true,
  "dependencies": {
    "gentelella": {
      "version": "1.4.0",
      "resolved": "https://registry.npmjs.org/gentelella/-/gentelella-1.4.0.tgz",
      "integrity": "sha512-lp54+y6bwSLHF6KMstW2jD6oqV68vLMnFqMqATRp5a/8Tp52NYly7Q+5FZIMaNKATrb3EKx+BN/bKpaZ4BYLEw==",
      "dev": true
    }
  }
}
